
Microsoft Visual Studio Solution File, Format Version 12.00
# Visual Studio 15
VisualStudioVersion = 15.0.28010.2036
MinimumVisualStudioVersion = 10.0.40219.1
Project("{9A19103F-16F7-4668-BE54-9A1E7A4F7556}") = "StarGuddy.Api", "StarGuddy.Api.csproj", "{030A27F8-4AA0-4140-B36F-C2293C78881F}"
EndProject
Global
	GlobalSection(SolutionConfigurationPlatforms) = preSolution
		Debug|Any CPU = Debug|Any CPU
		Release|Any CPU = Release|Any CPU
	EndGlobalSection
	GlobalSection(ProjectConfigurationPlatforms) = postSolution
		{030A27F8-4AA0-4140-B36F-C2293C78881F}.Debug|Any CPU.ActiveCfg = Debug|Any CPU
		{030A27F8-4AA0-4140-B36F-C2293C78881F}.Debug|Any CPU.Build.0 = Debug|Any CPU
		{030A27F8-4AA0-4140-B36F-C2293C78881F}.Release|Any CPU.ActiveCfg = Release|Any CPU
		{030A27F8-4AA0-4140-B36F-C2293C78881F}.Release|Any CPU.Build.0 = Release|Any CPU
	EndGlobalSection
	GlobalSection(SolutionProperties) = preSolution
		HideSolutionNode = FALSE
	EndGlobalSection
	GlobalSection(ExtensibilityGlobals) = postSolution
		SolutionGuid = {32D08BC5-2101-4C2A-B0C7-5EEC2DCB0565}
	EndGlobalSection
EndGlobal
